// !$*UTF8*$!
{
	archiveVersion = 1;
	classes = {
	};
	objectVersion = 46;
	objects = {

/* Begin PBXBuildFile section */
		B59A92571905C55500E1AA80 /* Foundation.framework in Frameworks */ = {isa = PBXBuildFile; fileRef = B59A92561905C55500E1AA80 /* Foundation.framework */; };
		B59A92591905C55500E1AA80 /* CoreGraphics.framework in Frameworks */ = {isa = PBXBuildFile; fileRef = B59A92581905C55500E1AA80 /* CoreGraphics.framework */; };
		B59A925B1905C55500E1AA80 /* UIKit.framework in Frameworks */ = {isa = PBXBuildFile; fileRef = B59A925A1905C55500E1AA80 /* UIKit.framework */; };
		B59A92611905C55500E1AA80 /* InfoPlist.strings in Resources */ = {isa = PBXBuildFile; fileRef = B59A925F1905C55500E1AA80 /* InfoPlist.strings */; };
		B59A92631905C55500E1AA80 /* main.m in Sources */ = {isa = PBXBuildFile; fileRef = B59A92621905C55500E1AA80 /* main.m */; };
		B59A92671905C55500E1AA80 /* BTJAppDelegate.m in Sources */ = {isa = PBXBuildFile; fileRef = B59A92661905C55500E1AA80 /* BTJAppDelegate.m */; };
		B59A926A1905C55500E1AA80 /* Main.storyboard in Resources */ = {isa = PBXBuildFile; fileRef = B59A92681905C55500E1AA80 /* Main.storyboard */; };
		B59A926D1905C55500E1AA80 /* BTJViewController.m in Sources */ = {isa = PBXBuildFile; fileRef = B59A926C1905C55500E1AA80 /* BTJViewController.m */; };
		B59A926F1905C55500E1AA80 /* Images.xcassets in Resources */ = {isa = PBXBuildFile; fileRef = B59A926E1905C55500E1AA80 /* Images.xcassets */; };
		B59A92761905C55500E1AA80 /* XCTest.framework in Frameworks */ = {isa = PBXBuildFile; fileRef = B59A92751905C55500E1AA80 /* XCTest.framework */; };
		B59A92771905C55500E1AA80 /* Foundation.framework in Frameworks */ = {isa = PBXBuildFile; fileRef = B59A92561905C55500E1AA80 /* Foundation.framework */; };
		B59A92781905C55500E1AA80 /* UIKit.framework in Frameworks */ = {isa = PBXBuildFile; fileRef = B59A925A1905C55500E1AA80 /* UIKit.framework */; };
		B59A92801905C55500E1AA80 /* InfoPlist.strings in Resources */ = {isa = PBXBuildFile; fileRef = B59A927E1905C55500E1AA80 /* InfoPlist.strings */; };
		B59A92821905C55500E1AA80 /* Pirate_Game_3Tests.m in Sources */ = {isa = PBXBuildFile; fileRef = B59A92811905C55500E1AA80 /* Pirate_Game_3Tests.m */; };
/* End PBXBuildFile section */

/* Begin PBXContainerItemProxy section */
		B59A92791905C55500E1AA80 /* PBXContainerItemProxy */ = {
			isa = PBXContainerItemProxy;
			containerPortal = B59A924B1905C55500E1AA80 /* Project object */;
			proxyType = 1;
			remoteGlobalIDString = B59A92521905C55500E1AA80;
			remoteInfo = "Pirate Game 3";
		};
/* End PBXContainerItemProxy section */

/* Begin PBXFileReference section */
		B59A92531905C55500E1AA80 /* Pirate Game 3.app */ = {isa = PBXFileReference; explicitFileType = wrapper.application; includeInIndex = 0; path = "Pirate Game 3.app"; sourceTree = BUILT_PRODUCTS_DIR; };
		B59A92561905C55500E1AA80 /* Foundation.framework */ = {isa = PBXFileReference; lastKnownFileType = wrapper.framework; name = Foundation.framework; path = System/Library/Frameworks/Foundation.framework; sourceTree = SDKROOT; };
		B59A92581905C55500E1AA80 /* CoreGraphics.framework */ = {isa = PBXFileReference; lastKnownFileType = wrapper.framework; name = CoreGraphics.framework; path = System/Library/Frameworks/CoreGraphics.framework; sourceTree = SDKROOT; };
		B59A925A1905C55500E1AA80 /* UIKit.framework */ = {isa = PBXFileReference; lastKnownFileType = wrapper.framework; name = UIKit.framework; path = System/Library/Frameworks/UIKit.framework; sourceTree = SDKROOT; };
		B59A925E1905C55500E1AA80 /* Pirate Game 3-Info.plist */ = {isa = PBXFileReference; lastKnownFileType = text.plist.xml; path = "Pirate Game 3-Info.plist"; sourceTree = "<group>"; };
		B59A92601905C55500E1AA80 /* en */ = {isa = PBXFileReference; lastKnownFileType = text.plist.strings; name = en; path = en.lproj/InfoPlist.strings; sourceTree = "<group>"; };
		B59A92621905C55500E1AA80 /* main.m */ = {isa = PBXFileReference; lastKnownFileType = sourcecode.c.objc; path = main.m; sourceTree = "<group>"; };
		B59A92641905C55500E1AA80 /* Pirate Game 3-Prefix.pch */ = {isa = PBXFileReference; lastKnownFileType = sourcecode.c.h; path = "Pirate Game 3-Prefix.pch"; sourceTree = "<group>"; };
		B59A92651905C55500E1AA80 /* BTJAppDelegate.h */ = {isa = PBXFileReference; lastKnownFileType = sourcecode.c.h; path = BTJAppDelegate.h; sourceTree = "<group>"; };
		B59A92661905C55500E1AA80 /* BTJAppDelegate.m */ = {isa = PBXFileReference; lastKnownFileType = sourcecode.c.objc; path = BTJAppDelegate.m; sourceTree = "<group>"; };
		B59A92691905C55500E1AA80 /* Base */ = {isa = PBXFileReference; lastKnownFileType = file.storyboard; name = Base; path = Base.lproj/Main.storyboard; sourceTree = "<group>"; };
		B59A926B1905C55500E1AA80 /* BTJViewController.h */ = {isa = PBXFileReference; lastKnownFileType = sourcecode.c.h; path = BTJViewController.h; sourceTree = "<group>"; };
		B59A926C1905C55500E1AA80 /* BTJViewController.m */ = {isa = PBXFileReference; lastKnownFileType = sourcecode.c.objc; path = BTJViewController.m; sourceTree = "<group>"; };
		B59A926E1905C55500E1AA80 /* Images.xcassets */ = {isa = PBXFileReference; lastKnownFileType = folder.assetcatalog; path = Images.xcassets; sourceTree = "<group>"; };
		B59A92741905C55500E1AA80 /* Pirate Game 3Tests.xctest */ = {isa = PBXFileReference; explicitFileType = wrapper.cfbundle; includeInIndex = 0; path = "Pirate Game 3Tests.xctest"; sourceTree = BUILT_PRODUCTS_DIR; };
		B59A92751905C55500E1AA80 /* XCTest.framework */ = {isa = PBXFileReference; lastKnownFileType = wrapper.framework; name = XCTest.framework; path = Library/Frameworks/XCTest.framework; sourceTree = DEVELOPER_DIR; };
		B59A927D1905C55500E1AA80 /* Pirate Game 3Tests-Info.plist */ = {isa = PBXFileReference; lastKnownFileType = text.plist.xml; path = "Pirate Game 3Tests-Info.plist"; sourceTree = "<group>"; };
		B59A927F1905C55500E1AA80 /* en */ = {isa = PBXFileReference; lastKnownFileType = text.plist.strings; name = en; path = en.lproj/InfoPlist.strings; sourceTree = "<group>"; };
		B59A92811905C55500E1AA80 /* Pirate_Game_3Tests.m */ = {isa = PBXFileReference; lastKnownFileType = sourcecode.c.objc; path = Pirate_Game_3Tests.m; sourceTree = "<group>"; };
/* End PBXFileReference section */

/* Begin PBXFrameworksBuildPhase section */
		B59A92501905C55500E1AA80 /* Frameworks */ = {
			isa = PBXFrameworksBuildPhase;
			buildActionMask = 2147483647;
			files = (
				B59A92591905C55500E1AA80 /* CoreGraphics.framework in Frameworks */,
				B59A925B1905C55500E1AA80 /* UIKit.framework in Frameworks */,
				B59A92571905C55500E1AA80 /* Foundation.framework in Frameworks */,
			);
			runOnlyForDeploymentPostprocessing = 0;
		};
		B59A92711905C55500E1AA80 /* Frameworks */ = {
			isa = PBXFrameworksBuildPhase;
			buildActionMask = 2147483647;
			files = (
				B59A92761905C55500E1AA80 /* XCTest.framework in Frameworks */,
				B59A92781905C55500E1AA80 /* UIKit.framework in Frameworks */,
				B59A92771905C55500E1AA80 /* Foundation.framework in Frameworks */,
			);
			runOnlyForDeploymentPostprocessing = 0;
		};
/* End PBXFrameworksBuildPhase section */

/* Begin PBXGroup section */
		B59A924A1905C55500E1AA80 = {
			isa = PBXGroup;
			children = (
				B59A925C1905C55500E1AA80 /* Pirate Game 3 */,
				B59A927B1905C55500E1AA80 /* Pirate Game 3Tests */,
				B59A92551905C55500E1AA80 /* Frameworks */,
				B59A92541905C55500E1AA80 /* Products */,
			);
			sourceTree = "<group>";
		};
		B59A92541905C55500E1AA80 /* Products */ = {
			isa = PBXGroup;
			children = (
				B59A92531905C55500E1AA80 /* Pirate Game 3.app */,
				B59A92741905C55500E1AA80 /* Pirate Game 3Tests.xctest */,
			);
			name = Products;
			sourceTree = "<group>";
		};
		B59A92551905C55500E1AA80 /* Frameworks */ = {
			isa = PBXGroup;
			children = (
				B59A92561905C55500E1AA80 /* Foundation.framework */,
				B59A92581905C55500E1AA80 /* CoreGraphics.framework */,
				B59A925A1905C55500E1AA80 /* UIKit.framework */,
				B59A92751905C55500E1AA80 /* XCTest.framework */,
			);
			name = Frameworks;
			sourceTree = "<group>";
		};
		B59A925C1905C55500E1AA80 /* Pirate Game 3 */ = {
			isa = PBXGroup;
			children = (
				B59A92651905C55500E1AA80 /* BTJAppDelegate.h */,
				B59A92661905C55500E1AA80 /* BTJAppDelegate.m */,
				B59A92681905C55500E1AA80 /* Main.storyboard */,
				B59A926B1905C55500E1AA80 /* BTJViewController.h */,
				B59A926C1905C55500E1AA80 /* BTJViewController.m */,
				B59A926E1905C55500E1AA80 /* Images.xcassets */,
				B59A925D1905C55500E1AA80 /* Supporting Files */,
			);
			path = "Pirate Game 3";
			sourceTree = "<group>";
		};
		B59A925D1905C55500E1AA80 /* Supporting Files */ = {
			isa = PBXGroup;
			children = (
				B59A925E1905C55500E1AA80 /* Pirate Game 3-Info.plist */,
				B59A925F1905C55500E1AA80 /* InfoPlist.strings */,
				B59A92621905C55500E1AA80 /* main.m */,
				B59A92641905C55500E1AA80 /* Pirate Game 3-Prefix.pch */,
			);
			name = "Supporting Files";
			sourceTree = "<group>";
		};
		B59A927B1905C55500E1AA80 /* Pirate Game 3Tests */ = {
			isa = PBXGroup;
			children = (
				B59A92811905C55500E1AA80 /* Pirate_Game_3Tests.m */,
				B59A927C1905C55500E1AA80 /* Supporting Files */,
			);
			path = "Pirate Game 3Tests";
			sourceTree = "<group>";
		};
		B59A927C1905C55500E1AA80 /* Supporting Files */ = {
			isa = PBXGroup;
			children = (
				B59A927D1905C55500E1AA80 /* Pirate Game 3Tests-Info.plist */,
				B59A927E1905C55500E1AA80 /* InfoPlist.strings */,
			);
			name = "Supporting Files";
			sourceTree = "<group>";
		};
/* End PBXGroup section */

/* Begin PBXNativeTarget section */
		B59A92521905C55500E1AA80 /* Pirate Game 3 */ = {
			isa = PBXNativeTarget;
			buildConfigurationList = B59A92851905C55500E1AA80 /* Build configuration list for PBXNativeTarget "Pirate Game 3" */;
			buildPhases = (
				B59A924F1905C55500E1AA80 /* Sources */,
				B59A92501905C55500E1AA80 /* Frameworks */,
				B59A92511905C55500E1AA80 /* Resources */,
			);
			buildRules = (
			);
			dependencies = (
			);
			name = "Pirate Game 3";
			productName = "Pirate Game 3";
			productReference = B59A92531905C55500E1AA80 /* Pirate Game 3.app */;
			productType = "com.apple.product-type.application";
		};
		B59A92731905C55500E1AA80 /* Pirate Game 3Tests */ = {
			isa = PBXNativeTarget;
			buildConfigurationList = B59A92881905C55500E1AA80 /* Build configuration list for PBXNativeTarget "Pirate Game 3Tests" */;
			buildPhases = (
				B59A92701905C55500E1AA80 /* Sources */,
				B59A92711905C55500E1AA80 /* Frameworks */,
				B59A92721905C55500E1AA80 /* Resources */,
			);
			buildRules = (
			);
			dependencies = (
				B59A927A1905C55500E1AA80 /* PBXTargetDependency */,
			);
			name = "Pirate Game 3Tests";
			productName = "Pirate Game 3Tests";
			productReference = B59A92741905C55500E1AA80 /* Pirate Game 3Tests.xctest */;
			productType = "com.apple.product-type.bundle.unit-test";
		};
/* End PBXNativeTarget section */

/* Begin PBXProject section */
		B59A924B1905C55500E1AA80 /* Project object */ = {
			isa = PBXProject;
			attributes = {
				CLASSPREFIX = BTJ;
				LastUpgradeCheck = 0510;
				ORGANIZATIONNAME = BennyTheJudge;
				TargetAttributes = {
					B59A92731905C55500E1AA80 = {
						TestTargetID = B59A92521905C55500E1AA80;
					};
				};
			};
			buildConfigurationList = B59A924E1905C55500E1AA80 /* Build configuration list for PBXProject "Pirate Game 3" */;
			compatibilityVersion = "Xcode 3.2";
			developmentRegion = English;
			hasScannedForEncodings = 0;
			knownRegions = (
				en,
				Base,
			);
			mainGroup = B59A924A1905C55500E1AA80;
			productRefGroup = B59A92541905C55500E1AA80 /* Products */;
			projectDirPath = "";
			projectRoot = "";
			targets = (
				B59A92521905C55500E1AA80 /* Pirate Game 3 */,
				B59A92731905C55500E1AA80 /* Pirate Game 3Tests */,
			);
		};
/* End PBXProject section */

/* Begin PBXResourcesBuildPhase section */
		B59A92511905C55500E1AA80 /* Resources */ = {
			isa = PBXResourcesBuildPhase;
			buildActionMask = 2147483647;
			files = (
				B59A926F1905C55500E1AA80 /* Images.xcassets in Resources */,
				B59A92611905C55500E1AA80 /* InfoPlist.strings in Resources */,
				B59A926A1905C55500E1AA80 /* Main.storyboard in Resources */,
			);
			runOnlyForDeploymentPostprocessing = 0;
		};
		B59A92721905C55500E1AA80 /* Resources */ = {
			isa = PBXResourcesBuildPhase;
			buildActionMask = 2147483647;
			files = (
				B59A92801905C55500E1AA80 /* InfoPlist.strings in Resources */,
			);
			runOnlyForDeploymentPostprocessing = 0;
		};
/* End PBXResourcesBuildPhase section */

/* Begin PBXSourcesBuildPhase section */
		B59A924F1905C55500E1AA80 /* Sources */ = {
			isa = PBXSourcesBuildPhase;
			buildActionMask = 2147483647;
			files = (
				B59A926D1905C55500E1AA80 /* BTJViewController.m in Sources */,
				B59A92631905C55500E1AA80 /* main.m in Sources */,
				B59A92671905C55500E1AA80 /* BTJAppDelegate.m in Sources */,
			);
			runOnlyForDeploymentPostprocessing = 0;
		};
		B59A92701905C55500E1AA80 /* Sources */ = {
			isa = PBXSourcesBuildPhase;
			buildActionMask = 2147483647;
			files = (
				B59A92821905C55500E1AA80 /* Pirate_Game_3Tests.m in Sources */,
			);
			runOnlyForDeploymentPostprocessing = 0;
		};
/* End PBXSourcesBuildPhase section */

/* Begin PBXTargetDependency section */
		B59A927A1905C55500E1AA80 /* PBXTargetDependency */ = {
			isa = PBXTargetDependency;
			target = B59A92521905C55500E1AA80 /* Pirate Game 3 */;
			targetProxy = B59A92791905C55500E1AA80 /* PBXContainerItemProxy */;
		};
/* End PBXTargetDependency section */

/* Begin PBXVariantGroup section */
		B59A925F1905C55500E1AA80 /* InfoPlist.strings */ = {
			isa = PBXVariantGroup;
			children = (
				B59A92601905C55500E1AA80 /* en */,
			);
			name = InfoPlist.strings;
			sourceTree = "<group>";
		};
		B59A92681905C55500E1AA80 /* Main.storyboard */ = {
			isa = PBXVariantGroup;
			children = (
				B59A92691905C55500E1AA80 /* Base */,
			);
			name = Main.storyboard;
			sourceTree = "<group>";
		};
		B59A927E1905C55500E1AA80 /* InfoPlist.strings */ = {
			isa = PBXVariantGroup;
			children = (
				B59A927F1905C55500E1AA80 /* en */,
			);
			name = InfoPlist.strings;
			sourceTree = "<group>";
		};
/* End PBXVariantGroup section */

/* Begin XCBuildConfiguration section */
		B59A92831905C55500E1AA80 /* Debug */ = {
			isa = XCBuildConfiguration;
			buildSettings = {
				ALWAYS_SEARCH_USER_PATHS = NO;
				CLANG_CXX_LANGUAGE_STANDARD = "gnu++0x";
				CLANG_CXX_LIBRARY = "libc++";
				CLANG_ENABLE_MODULES = YES;
				CLANG_ENABLE_OBJC_ARC = YES;
				CLANG_WARN_BOOL_CONVERSION = YES;
				CLANG_WARN_CONSTANT_CONVERSION = YES;
				CLANG_WARN_DIRECT_OBJC_ISA_USAGE = YES_ERROR;
				CLANG_WARN_EMPTY_BODY = YES;
				CLANG_WARN_ENUM_CONVERSION = YES;
				CLANG_WARN_INT_CONVERSION = YES;
				CLANG_WARN_OBJC_ROOT_CLASS = YES_ERROR;
				CLANG_WARN__DUPLICATE_METHOD_MATCH = YES;
				"CODE_SIGN_IDENTITY[sdk=iphoneos*]" = "iPhone Developer";
				COPY_PHASE_STRIP = NO;
				GCC_C_LANGUAGE_STANDARD = gnu99;
				GCC_DYNAMIC_NO_PIC = NO;
				GCC_OPTIMIZATION_LEVEL = 0;
				GCC_PREPROCESSOR_DEFINITIONS = (
					"DEBUG=1",
					"$(inherited)",
				);
				GCC_SYMBOLS_PRIVATE_EXTERN = NO;
				GCC_WARN_64_TO_32_BIT_CONVERSION = YES;
				GCC_WARN_ABOUT_RETURN_TYPE = YES_ERROR;
				GCC_WARN_UNDECLARED_SELECTOR = YES;
				GCC_WARN_UNINITIALIZED_AUTOS = YES_AGGRESSIVE;
				GCC_WARN_UNUSED_FUNCTION = YES;
				GCC_WARN_UNUSED_VARIABLE = YES;
				IPHONEOS_DEPLOYMENT_TARGET = 7.1;
				ONLY_ACTIVE_ARCH = YES;
				SDKROOT = iphoneos;
			};
			name = Debug;
		};
		B59A92841905C55500E1AA80 /* Release */ = {
			isa = XCBuildConfiguration;
			buildSettings = {
				ALWAYS_SEARCH_USER_PATHS = NO;
				CLANG_CXX_LANGUAGE_STANDARD = "gnu++0x";
				CLANG_CXX_LIBRARY = "libc++";
				CLANG_ENABLE_MODULES = YES;
				CLANG_ENABLE_OBJC_ARC = YES;
				CLANG_WARN_BOOL_CONVERSION = YES;
				CLANG_WARN_CONSTANT_CONVERSION = YES;
				CLANG_WARN_DIRECT_OBJC_ISA_USAGE = YES_ERROR;
				CLANG_WARN_EMPTY_BODY = YES;
				CLANG_WARN_ENUM_CONVERSION = YES;
				CLANG_WARN_INT_CONVERSION = YES;
				CLANG_WARN_OBJC_ROOT_CLASS = YES_ERROR;
				CLANG_WARN__DUPLICATE_METHOD_MATCH = YES;
				"CODE_SIGN_IDENTITY[sdk=iphoneos*]" = "iPhone Developer";
				COPY_PHASE_STRIP = YES;
				ENABLE_NS_ASSERTIONS = NO;
				GCC_C_LANGUAGE_STANDARD = gnu99;
				GCC_WARN_64_TO_32_BIT_CONVERSION = YES;
				GCC_WARN_ABOUT_RETURN_TYPE = YES_ERROR;
				GCC_WARN_UNDECLARED_SELECTOR = YES;
				GCC_WARN_UNINITIALIZED_AUTOS = YES_AGGRESSIVE;
				GCC_WARN_UNUSED_FUNCTION = YES;
				GCC_WARN_UNUSED_VARIABLE = YES;
				IPHONEOS_DEPLOYMENT_TARGET = 7.1;
				SDKROOT = iphoneos;
				VALIDATE_PRODUCT = YES;
			};
			name = Release;
		};
		B59A92861905C55500E1AA80 /* Debug */ = {
			isa = XCBuildConfiguration;
			buildSettings = {
				ASSETCATALOG_COMPILER_APPICON_NAME = AppIcon;
				ASSETCATALOG_COMPILER_LAUNCHIMAGE_NAME = LaunchImage;
				GCC_PRECOMPILE_PREFIX_HEADER = YES;
				GCC_PREFIX_HEADER = "Pirate Game 3/Pirate Game 3-Prefix.pch";
				INFOPLIST_FILE = "Pirate Game 3/Pirate Game 3-Info.plist";
				PRODUCT_NAME = "$(TARGET_NAME)";
				WRAPPER_EXTENSION = app;
			};
			name = Debug;
		};
		B59A92871905C55500E1AA80 /* Release */ = {
			isa = XCBuildConfiguration;
			buildSettings = {
				ASSETCATALOG_COMPILER_APPICON_NAME = AppIcon;
				ASSETCATALOG_COMPILER_LAUNCHIMAGE_NAME = LaunchImage;
				GCC_PRECOMPILE_PREFIX_HEADER = YES;
				GCC_PREFIX_HEADER = "Pirate Game 3/Pirate Game 3-Prefix.pch";
				INFOPLIST_FILE = "Pirate Game 3/Pirate Game 3-Info.plist";
				PRODUCT_NAME = "$(TARGET_NAME)";
				WRAPPER_EXTENSION = app;
			};
			name = Release;
		};
		B59A92891905C55500E1AA80 /* Debug */ = {
			isa = XCBuildConfiguration;
			buildSettings = {
				BUNDLE_LOADER = "$(BUILT_PRODUCTS_DIR)/Pirate Game 3.app/Pirate Game 3";
				FRAMEWORK_SEARCH_PATHS = (
					"$(SDKROOT)/Developer/Library/Frameworks",
					"$(inherited)",
					"$(DEVELOPER_FRAMEWORKS_DIR)",
				);
				GCC_PRECOMPILE_PREFIX_HEADER = YES;
				GCC_PREFIX_HEADER = "Pirate Game 3/Pirate Game 3-Prefix.pch";
				GCC_PREPROCESSOR_DEFINITIONS = (
					"DEBUG=1",
					"$(inherited)",
				);
				INFOPLIST_FILE = "Pirate Game 3Tests/Pirate Game 3Tests-Info.plist";
				PRODUCT_NAME = "$(TARGET_NAME)";
				TEST_HOST = "$(BUNDLE_LOADER)";
				WRAPPER_EXTENSION = xctest;
			};
			name = Debug;
		};
		B59A928A1905C55500E1AA80 /* Release */ = {
			isa = XCBuildConfiguration;
			buildSettings = {
				BUNDLE_LOADER = "$(BUILT_PRODUCTS_DIR)/Pirate Game 3.app/Pirate Game 3";
				FRAMEWORK_SEARCH_PATHS = (
					"$(SDKROOT)/Developer/Library/Frameworks",
					"$(inherited)",
					"$(DEVELOPER_FRAMEWORKS_DIR)",
				);
				GCC_PRECOMPILE_PREFIX_HEADER = YES;
				GCC_PREFIX_HEADER = "Pirate Game 3/Pirate Game 3-Prefix.pch";
				INFOPLIST_FILE = "Pirate Game 3Tests/Pirate Game 3Tests-Info.plist";
				PRODUCT_NAME = "$(TARGET_NAME)";
				TEST_HOST = "$(BUNDLE_LOADER)";
				WRAPPER_EXTENSION = xctest;
			};
			name = Release;
		};
/* End XCBuildConfiguration section */

/* Begin XCConfigurationList section */
		B59A924E1905C55500E1AA80 /* Build configuration list for PBXProject "Pirate Game 3" */ = {
			isa = XCConfigurationList;
			buildConfigurations = (
				B59A92831905C55500E1AA80 /* Debug */,
				B59A92841905C55500E1AA80 /* Release */,
			);
			defaultConfigurationIsVisible = 0;
			defaultConfigurationName = Release;
		};
		B59A92851905C55500E1AA80 /* Build configuration list for PBXNativeTarget "Pirate Game 3" */ = {
			isa = XCConfigurationList;
			buildConfigurations = (
				B59A92861905C55500E1AA80 /* Debug */,
				B59A92871905C55500E1AA80 /* Release */,
			);
			defaultConfigurationIsVisible = 0;
		};
		B59A92881905C55500E1AA80 /* Build configuration list for PBXNativeTarget "Pirate Game 3Tests" */ = {
			isa = XCConfigurationList;
			buildConfigurations = (
				B59A92891905C55500E1AA80 /* Debug */,
				B59A928A1905C55500E1AA80 /* Release */,
			);
			defaultConfigurationIsVisible = 0;
		};
/* End XCConfigurationList section */
	};
	rootObject = B59A924B1905C55500E1AA80 /* Project object */;
}
